
Microsoft Visual Studio Solution File, Format Version 12.00
# Visual Studio Version 17
VisualStudioVersion = 17.2.32630.192
MinimumVisualStudioVersion = 10.0.40219.1
Project("{9A19103F-16F7-4668-BE54-9A1E7A4F7556}") = "SiteYonetimDatabase", "SiteYonetimDatabase\SiteYonetimDatabase.csproj", "{13F2B93E-5DD8-4491-92BB-30BDED08F70B}"
EndProject
Project("{9A19103F-16F7-4668-BE54-9A1E7A4F7556}") = "SiteYonetimData_Access", "SiteYonetimData_Access\SiteYonetimData_Access.csproj", "{D49EA8A3-C3FC-425F-ABF4-C5F73FE6273A}"
EndProject
Project("{9A19103F-16F7-4668-BE54-9A1E7A4F7556}") = "SiteYonetimModel", "SiteYonetimModel\SiteYonetimModel.csproj", "{3B90093E-322F-4119-8A72-5F00C9E49A8F}"
EndProject
Project("{FAE04EC0-301F-11D3-BF4B-00C04F79EFBC}") = "BusinessLayer", "BusinessLayer\BusinessLayer.csproj", "{F77E9702-C3E2-41D2-B71F-F37E0DEC6C06}"
EndProject
Global
	GlobalSection(SolutionConfigurationPlatforms) = preSolution
		Debug|Any CPU = Debug|Any CPU
		Release|Any CPU = Release|Any CPU
	EndGlobalSection
	GlobalSection(ProjectConfigurationPlatforms) = postSolution
		{13F2B93E-5DD8-4491-92BB-30BDED08F70B}.Debug|Any CPU.ActiveCfg = Debug|Any CPU
		{13F2B93E-5DD8-4491-92BB-30BDED08F70B}.Debug|Any CPU.Build.0 = Debug|Any CPU
		{13F2B93E-5DD8-4491-92BB-30BDED08F70B}.Release|Any CPU.ActiveCfg = Release|Any CPU
		{13F2B93E-5DD8-4491-92BB-30BDED08F70B}.Release|Any CPU.Build.0 = Release|Any CPU
		{D49EA8A3-C3FC-425F-ABF4-C5F73FE6273A}.Debug|Any CPU.ActiveCfg = Debug|Any CPU
		{D49EA8A3-C3FC-425F-ABF4-C5F73FE6273A}.Debug|Any CPU.Build.0 = Debug|Any CPU
		{D49EA8A3-C3FC-425F-ABF4-C5F73FE6273A}.Release|Any CPU.ActiveCfg = Release|Any CPU
		{D49EA8A3-C3FC-425F-ABF4-C5F73FE6273A}.Release|Any CPU.Build.0 = Release|Any CPU
		{3B90093E-322F-4119-8A72-5F00C9E49A8F}.Debug|Any CPU.ActiveCfg = Debug|Any CPU
		{3B90093E-322F-4119-8A72-5F00C9E49A8F}.Debug|Any CPU.Build.0 = Debug|Any CPU
		{3B90093E-322F-4119-8A72-5F00C9E49A8F}.Release|Any CPU.ActiveCfg = Release|Any CPU
		{3B90093E-322F-4119-8A72-5F00C9E49A8F}.Release|Any CPU.Build.0 = Release|Any CPU
		{F77E9702-C3E2-41D2-B71F-F37E0DEC6C06}.Debug|Any CPU.ActiveCfg = Debug|Any CPU
		{F77E9702-C3E2-41D2-B71F-F37E0DEC6C06}.Debug|Any CPU.Build.0 = Debug|Any CPU
		{F77E9702-C3E2-41D2-B71F-F37E0DEC6C06}.Release|Any CPU.ActiveCfg = Release|Any CPU
		{F77E9702-C3E2-41D2-B71F-F37E0DEC6C06}.Release|Any CPU.Build.0 = Release|Any CPU
	EndGlobalSection
	GlobalSection(SolutionProperties) = preSolution
		HideSolutionNode = FALSE
	EndGlobalSection
	GlobalSection(ExtensibilityGlobals) = postSolution
		SolutionGuid = {3EE3D49A-317D-4F7B-8BC8-D01066090214}
	EndGlobalSection
EndGlobal
